// !$*UTF8*$!
{
	archiveVersion = 1;
	classes = {
	};
	objectVersion = 56;
	objects = {

/* Begin PBXBuildFile section */
		A94DFBDA29B4FCAF00DAD821 /* ScrumDinger2App.swift in Sources */ = {isa = PBXBuildFile; fileRef = A94DFBD929B4FCAF00DAD821 /* ScrumDinger2App.swift */; };
		A94DFBDC29B4FCAF00DAD821 /* MeetingView.swift in Sources */ = {isa = PBXBuildFile; fileRef = A94DFBDB29B4FCAF00DAD821 /* MeetingView.swift */; };
		A94DFBDE29B4FCB000DAD821 /* Assets.xcassets in Resources */ = {isa = PBXBuildFile; fileRef = A94DFBDD29B4FCB000DAD821 /* Assets.xcassets */; };
		A94DFBE129B4FCB000DAD821 /* Preview Assets.xcassets in Resources */ = {isa = PBXBuildFile; fileRef = A94DFBE029B4FCB000DAD821 /* Preview Assets.xcassets */; };
		A94DFBE929B4FD6800DAD821 /* Theme.swift in Sources */ = {isa = PBXBuildFile; fileRef = A94DFBE829B4FD6800DAD821 /* Theme.swift */; };
		A94DFBEB29B4FE0100DAD821 /* DailyScrum.swift in Sources */ = {isa = PBXBuildFile; fileRef = A94DFBEA29B4FE0100DAD821 /* DailyScrum.swift */; };
		A94DFBED29B4FE2C00DAD821 /* CardView.swift in Sources */ = {isa = PBXBuildFile; fileRef = A94DFBEC29B4FE2C00DAD821 /* CardView.swift */; };
		A94DFBEF29B4FE6600DAD821 /* TrailingIconLabelStyle.swift in Sources */ = {isa = PBXBuildFile; fileRef = A94DFBEE29B4FE6600DAD821 /* TrailingIconLabelStyle.swift */; };
		A94DFBF129B4FEFE00DAD821 /* ScrumsView.swift in Sources */ = {isa = PBXBuildFile; fileRef = A94DFBF029B4FEFE00DAD821 /* ScrumsView.swift */; };
		A94DFBF329B5025500DAD821 /* DetailView.swift in Sources */ = {isa = PBXBuildFile; fileRef = A94DFBF229B5025500DAD821 /* DetailView.swift */; };
		A94DFBF529B502C100DAD821 /* DetailEditView.swift in Sources */ = {isa = PBXBuildFile; fileRef = A94DFBF429B502C100DAD821 /* DetailEditView.swift */; };
		A94DFBF729B5031100DAD821 /* ThemeView.swift in Sources */ = {isa = PBXBuildFile; fileRef = A94DFBF629B5031100DAD821 /* ThemeView.swift */; };
		A94DFBF929B5033900DAD821 /* ThemePicker.swift in Sources */ = {isa = PBXBuildFile; fileRef = A94DFBF829B5033900DAD821 /* ThemePicker.swift */; };
		A9AC2FED29B65D8A00B61464 /* MeetingHeaderView.swift in Sources */ = {isa = PBXBuildFile; fileRef = A9AC2FEC29B65D8A00B61464 /* MeetingHeaderView.swift */; };
		A9AC2FF129B6653F00B61464 /* ScrumTimer.swift in Sources */ = {isa = PBXBuildFile; fileRef = A9AC2FEF29B6653F00B61464 /* ScrumTimer.swift */; };
		A9AC2FF329B666B300B61464 /* MeetingFooterView.swift in Sources */ = {isa = PBXBuildFile; fileRef = A9AC2FF229B666B300B61464 /* MeetingFooterView.swift */; };
		A9AC2FF529B66AA100B61464 /* ScrumProgressViewStyle.swift in Sources */ = {isa = PBXBuildFile; fileRef = A9AC2FF429B66AA100B61464 /* ScrumProgressViewStyle.swift */; };
/* End PBXBuildFile section */

/* Begin PBXFileReference section */
		A94DFBD629B4FCAF00DAD821 /* ScrumDinger2.app */ = {isa = PBXFileReference; explicitFileType = wrapper.application; includeInIndex = 0; path = ScrumDinger2.app; sourceTree = BUILT_PRODUCTS_DIR; };
		A94DFBD929B4FCAF00DAD821 /* ScrumDinger2App.swift */ = {isa = PBXFileReference; lastKnownFileType = sourcecode.swift; path = ScrumDinger2App.swift; sourceTree = "<group>"; };
		A94DFBDB29B4FCAF00DAD821 /* MeetingView.swift */ = {isa = PBXFileReference; lastKnownFileType = sourcecode.swift; path = MeetingView.swift; sourceTree = "<group>"; };
		A94DFBDD29B4FCB000DAD821 /* Assets.xcassets */ = {isa = PBXFileReference; lastKnownFileType = folder.assetcatalog; path = Assets.xcassets; sourceTree = "<group>"; };
		A94DFBE029B4FCB000DAD821 /* Preview Assets.xcassets */ = {isa = PBXFileReference; lastKnownFileType = folder.assetcatalog; path = "Preview Assets.xcassets"; sourceTree = "<group>"; };
		A94DFBE829B4FD6800DAD821 /* Theme.swift */ = {isa = PBXFileReference; lastKnownFileType = sourcecode.swift; path = Theme.swift; sourceTree = "<group>"; };
		A94DFBEA29B4FE0100DAD821 /* DailyScrum.swift */ = {isa = PBXFileReference; lastKnownFileType = sourcecode.swift; path = DailyScrum.swift; sourceTree = "<group>"; };
		A94DFBEC29B4FE2C00DAD821 /* CardView.swift */ = {isa = PBXFileReference; lastKnownFileType = sourcecode.swift; path = CardView.swift; sourceTree = "<group>"; };
		A94DFBEE29B4FE6600DAD821 /* TrailingIconLabelStyle.swift */ = {isa = PBXFileReference; lastKnownFileType = sourcecode.swift; path = TrailingIconLabelStyle.swift; sourceTree = "<group>"; };
		A94DFBF029B4FEFE00DAD821 /* ScrumsView.swift */ = {isa = PBXFileReference; lastKnownFileType = sourcecode.swift; path = ScrumsView.swift; sourceTree = "<group>"; };
		A94DFBF229B5025500DAD821 /* DetailView.swift */ = {isa = PBXFileReference; lastKnownFileType = sourcecode.swift; path = DetailView.swift; sourceTree = "<group>"; };
		A94DFBF429B502C100DAD821 /* DetailEditView.swift */ = {isa = PBXFileReference; lastKnownFileType = sourcecode.swift; path = DetailEditView.swift; sourceTree = "<group>"; };
		A94DFBF629B5031100DAD821 /* ThemeView.swift */ = {isa = PBXFileReference; lastKnownFileType = sourcecode.swift; path = ThemeView.swift; sourceTree = "<group>"; };
		A94DFBF829B5033900DAD821 /* ThemePicker.swift */ = {isa = PBXFileReference; lastKnownFileType = sourcecode.swift; path = ThemePicker.swift; sourceTree = "<group>"; };
		A9AC2FEC29B65D8A00B61464 /* MeetingHeaderView.swift */ = {isa = PBXFileReference; lastKnownFileType = sourcecode.swift; path = MeetingHeaderView.swift; sourceTree = "<group>"; };
		A9AC2FEF29B6653F00B61464 /* ScrumTimer.swift */ = {isa = PBXFileReference; fileEncoding = 4; lastKnownFileType = sourcecode.swift; path = ScrumTimer.swift; sourceTree = "<group>"; };
		A9AC2FF229B666B300B61464 /* MeetingFooterView.swift */ = {isa = PBXFileReference; lastKnownFileType = sourcecode.swift; path = MeetingFooterView.swift; sourceTree = "<group>"; };
		A9AC2FF429B66AA100B61464 /* ScrumProgressViewStyle.swift */ = {isa = PBXFileReference; fileEncoding = 4; lastKnownFileType = sourcecode.swift; path = ScrumProgressViewStyle.swift; sourceTree = "<group>"; };
/* End PBXFileReference section */

/* Begin PBXFrameworksBuildPhase section */
		A94DFBD329B4FCAF00DAD821 /* Frameworks */ = {
			isa = PBXFrameworksBuildPhase;
			buildActionMask = 2147483647;
			files = (
			);
			runOnlyForDeploymentPostprocessing = 0;
		};
/* End PBXFrameworksBuildPhase section */

/* Begin PBXGroup section */
		A94DFBCD29B4FCAF00DAD821 = {
			isa = PBXGroup;
			children = (
				A94DFBD829B4FCAF00DAD821 /* ScrumDinger2 */,
				A94DFBD729B4FCAF00DAD821 /* Products */,
			);
			sourceTree = "<group>";
		};
		A94DFBD729B4FCAF00DAD821 /* Products */ = {
			isa = PBXGroup;
			children = (
				A94DFBD629B4FCAF00DAD821 /* ScrumDinger2.app */,
			);
			name = Products;
			sourceTree = "<group>";
		};
		A94DFBD829B4FCAF00DAD821 /* ScrumDinger2 */ = {
			isa = PBXGroup;
			children = (
				A94DFBE729B4FD3700DAD821 /* Models */,
				A94DFBD929B4FCAF00DAD821 /* ScrumDinger2App.swift */,
				A94DFBDB29B4FCAF00DAD821 /* MeetingView.swift */,
				A9AC2FEC29B65D8A00B61464 /* MeetingHeaderView.swift */,
				A94DFBDD29B4FCB000DAD821 /* Assets.xcassets */,
				A94DFBDF29B4FCB000DAD821 /* Preview Content */,
				A94DFBEC29B4FE2C00DAD821 /* CardView.swift */,
				A94DFBEE29B4FE6600DAD821 /* TrailingIconLabelStyle.swift */,
				A94DFBF029B4FEFE00DAD821 /* ScrumsView.swift */,
				A94DFBF229B5025500DAD821 /* DetailView.swift */,
				A94DFBF429B502C100DAD821 /* DetailEditView.swift */,
				A94DFBF629B5031100DAD821 /* ThemeView.swift */,
				A94DFBF829B5033900DAD821 /* ThemePicker.swift */,
				A9AC2FF229B666B300B61464 /* MeetingFooterView.swift */,
				A9AC2FF429B66AA100B61464 /* ScrumProgressViewStyle.swift */,
			);
			path = ScrumDinger2;
			sourceTree = "<group>";
		};
		A94DFBDF29B4FCB000DAD821 /* Preview Content */ = {
			isa = PBXGroup;
			children = (
				A94DFBE029B4FCB000DAD821 /* Preview Assets.xcassets */,
			);
			path = "Preview Content";
			sourceTree = "<group>";
		};
		A94DFBE729B4FD3700DAD821 /* Models */ = {
			isa = PBXGroup;
			children = (
				A9AC2FEF29B6653F00B61464 /* ScrumTimer.swift */,
				A94DFBE829B4FD6800DAD821 /* Theme.swift */,
				A94DFBEA29B4FE0100DAD821 /* DailyScrum.swift */,
			);
			path = Models;
			sourceTree = "<group>";
		};
/* End PBXGroup section */

/* Begin PBXNativeTarget section */
		A94DFBD529B4FCAF00DAD821 /* ScrumDinger2 */ = {
			isa = PBXNativeTarget;
			buildConfigurationList = A94DFBE429B4FCB000DAD821 /* Build configuration list for PBXNativeTarget "ScrumDinger2" */;
			buildPhases = (
				A94DFBD229B4FCAF00DAD821 /* Sources */,
				A94DFBD329B4FCAF00DAD821 /* Frameworks */,
				A94DFBD429B4FCAF00DAD821 /* Resources */,
			);
			buildRules = (
			);
			dependencies = (
			);
			name = ScrumDinger2;
			productName = ScrumDinger2;
			productReference = A94DFBD629B4FCAF00DAD821 /* ScrumDinger2.app */;
			productType = "com.apple.product-type.application";
		};
/* End PBXNativeTarget section */

/* Begin PBXProject section */
		A94DFBCE29B4FCAF00DAD821 /* Project object */ = {
			isa = PBXProject;
			attributes = {
				BuildIndependentTargetsInParallel = 1;
				LastSwiftUpdateCheck = 1420;
				LastUpgradeCheck = 1420;
				TargetAttributes = {
					A94DFBD529B4FCAF00DAD821 = {
						CreatedOnToolsVersion = 14.2;
					};
				};
			};
			buildConfigurationList = A94DFBD129B4FCAF00DAD821 /* Build configuration list for PBXProject "ScrumDinger2" */;
			compatibilityVersion = "Xcode 14.0";
			developmentRegion = en;
			hasScannedForEncodings = 0;
			knownRegions = (
				en,
				Base,
			);
			mainGroup = A94DFBCD29B4FCAF00DAD821;
			productRefGroup = A94DFBD729B4FCAF00DAD821 /* Products */;
			projectDirPath = "";
			projectRoot = "";
			targets = (
				A94DFBD529B4FCAF00DAD821 /* ScrumDinger2 */,
			);
		};
/* End PBXProject section */

/* Begin PBXResourcesBuildPhase section */
		A94DFBD429B4FCAF00DAD821 /* Resources */ = {
			isa = PBXResourcesBuildPhase;
			buildActionMask = 2147483647;
			files = (
				A94DFBE129B4FCB000DAD821 /* Preview Assets.xcassets in Resources */,
				A94DFBDE29B4FCB000DAD821 /* Assets.xcassets in Resources */,
			);
			runOnlyForDeploymentPostprocessing = 0;
		};
/* End PBXResourcesBuildPhase section */

/* Begin PBXSourcesBuildPhase section */
		A94DFBD229B4FCAF00DAD821 /* Sources */ = {
			isa = PBXSourcesBuildPhase;
			buildActionMask = 2147483647;
			files = (
				A94DFBF929B5033900DAD821 /* ThemePicker.swift in Sources */,
				A94DFBEB29B4FE0100DAD821 /* DailyScrum.swift in Sources */,
				A9AC2FF529B66AA100B61464 /* ScrumProgressViewStyle.swift in Sources */,
				A9AC2FF329B666B300B61464 /* MeetingFooterView.swift in Sources */,
				A9AC2FF129B6653F00B61464 /* ScrumTimer.swift in Sources */,
				A94DFBF329B5025500DAD821 /* DetailView.swift in Sources */,
				A9AC2FED29B65D8A00B61464 /* MeetingHeaderView.swift in Sources */,
				A94DFBF529B502C100DAD821 /* DetailEditView.swift in Sources */,
				A94DFBEF29B4FE6600DAD821 /* TrailingIconLabelStyle.swift in Sources */,
				A94DFBE929B4FD6800DAD821 /* Theme.swift in Sources */,
				A94DFBF129B4FEFE00DAD821 /* ScrumsView.swift in Sources */,
				A94DFBDC29B4FCAF00DAD821 /* MeetingView.swift in Sources */,
				A94DFBDA29B4FCAF00DAD821 /* ScrumDinger2App.swift in Sources */,
				A94DFBF729B5031100DAD821 /* ThemeView.swift in Sources */,
				A94DFBED29B4FE2C00DAD821 /* CardView.swift in Sources */,
			);
			runOnlyForDeploymentPostprocessing = 0;
		};
/* End PBXSourcesBuildPhase section */

/* Begin XCBuildConfiguration section */
		A94DFBE229B4FCB000DAD821 /* Debug */ = {
			isa = XCBuildConfiguration;
			buildSettings = {
				ALWAYS_SEARCH_USER_PATHS = NO;
				CLANG_ANALYZER_NONNULL = YES;
				CLANG_ANALYZER_NUMBER_OBJECT_CONVERSION = YES_AGGRESSIVE;
				CLANG_CXX_LANGUAGE_STANDARD = "gnu++20";
				CLANG_ENABLE_MODULES = YES;
				CLANG_ENABLE_OBJC_ARC = YES;
				CLANG_ENABLE_OBJC_WEAK = YES;
				CLANG_WARN_BLOCK_CAPTURE_AUTORELEASING = YES;
				CLANG_WARN_BOOL_CONVERSION = YES;
				CLANG_WARN_COMMA = YES;
				CLANG_WARN_CONSTANT_CONVERSION = YES;
				CLANG_WARN_DEPRECATED_OBJC_IMPLEMENTATIONS = YES;
				CLANG_WARN_DIRECT_OBJC_ISA_USAGE = YES_ERROR;
				CLANG_WARN_DOCUMENTATION_COMMENTS = YES;
				CLANG_WARN_EMPTY_BODY = YES;
				CLANG_WARN_ENUM_CONVERSION = YES;
				CLANG_WARN_INFINITE_RECURSION = YES;
				CLANG_WARN_INT_CONVERSION = YES;
				CLANG_WARN_NON_LITERAL_NULL_CONVERSION = YES;
				CLANG_WARN_OBJC_IMPLICIT_RETAIN_SELF = YES;
				CLANG_WARN_OBJC_LITERAL_CONVERSION = YES;
				CLANG_WARN_OBJC_ROOT_CLASS = YES_ERROR;
				CLANG_WARN_QUOTED_INCLUDE_IN_FRAMEWORK_HEADER = YES;
				CLANG_WARN_RANGE_LOOP_ANALYSIS = YES;
				CLANG_WARN_STRICT_PROTOTYPES = YES;
				CLANG_WARN_SUSPICIOUS_MOVE = YES;
				CLANG_WARN_UNGUARDED_AVAILABILITY = YES_AGGRESSIVE;
				CLANG_WARN_UNREACHABLE_CODE = YES;
				CLANG_WARN__DUPLICATE_METHOD_MATCH = YES;
				COPY_PHASE_STRIP = NO;
				DEBUG_INFORMATION_FORMAT = dwarf;
				ENABLE_STRICT_OBJC_MSGSEND = YES;
				ENABLE_TESTABILITY = YES;
				GCC_C_LANGUAGE_STANDARD = gnu11;
				GCC_DYNAMIC_NO_PIC = NO;
				GCC_NO_COMMON_BLOCKS = YES;
				GCC_OPTIMIZATION_LEVEL = 0;
				GCC_PREPROCESSOR_DEFINITIONS = (
					"DEBUG=1",
					"$(inherited)",
				);
				GCC_WARN_64_TO_32_BIT_CONVERSION = YES;
				GCC_WARN_ABOUT_RETURN_TYPE = YES_ERROR;
				GCC_WARN_UNDECLARED_SELECTOR = YES;
				GCC_WARN_UNINITIALIZED_AUTOS = YES_AGGRESSIVE;
				GCC_WARN_UNUSED_FUNCTION = YES;
				GCC_WARN_UNUSED_VARIABLE = YES;
				IPHONEOS_DEPLOYMENT_TARGET = 16.2;
				MTL_ENABLE_DEBUG_INFO = INCLUDE_SOURCE;
				MTL_FAST_MATH = YES;
				ONLY_ACTIVE_ARCH = YES;
				SDKROOT = iphoneos;
				SWIFT_ACTIVE_COMPILATION_CONDITIONS = DEBUG;
				SWIFT_OPTIMIZATION_LEVEL = "-Onone";
			};
			name = Debug;
		};
		A94DFBE329B4FCB000DAD821 /* Release */ = {
			isa = XCBuildConfiguration;
			buildSettings = {
				ALWAYS_SEARCH_USER_PATHS = NO;
				CLANG_ANALYZER_NONNULL = YES;
				CLANG_ANALYZER_NUMBER_OBJECT_CONVERSION = YES_AGGRESSIVE;
				CLANG_CXX_LANGUAGE_STANDARD = "gnu++20";
				CLANG_ENABLE_MODULES = YES;
				CLANG_ENABLE_OBJC_ARC = YES;
				CLANG_ENABLE_OBJC_WEAK = YES;
				CLANG_WARN_BLOCK_CAPTURE_AUTORELEASING = YES;
				CLANG_WARN_BOOL_CONVERSION = YES;
				CLANG_WARN_COMMA = YES;
				CLANG_WARN_CONSTANT_CONVERSION = YES;
				CLANG_WARN_DEPRECATED_OBJC_IMPLEMENTATIONS = YES;
				CLANG_WARN_DIRECT_OBJC_ISA_USAGE = YES_ERROR;
				CLANG_WARN_DOCUMENTATION_COMMENTS = YES;
				CLANG_WARN_EMPTY_BODY = YES;
				CLANG_WARN_ENUM_CONVERSION = YES;
				CLANG_WARN_INFINITE_RECURSION = YES;
				CLANG_WARN_INT_CONVERSION = YES;
				CLANG_WARN_NON_LITERAL_NULL_CONVERSION = YES;
				CLANG_WARN_OBJC_IMPLICIT_RETAIN_SELF = YES;
				CLANG_WARN_OBJC_LITERAL_CONVERSION = YES;
				CLANG_WARN_OBJC_ROOT_CLASS = YES_ERROR;
				CLANG_WARN_QUOTED_INCLUDE_IN_FRAMEWORK_HEADER = YES;
				CLANG_WARN_RANGE_LOOP_ANALYSIS = YES;
				CLANG_WARN_STRICT_PROTOTYPES = YES;
				CLANG_WARN_SUSPICIOUS_MOVE = YES;
				CLANG_WARN_UNGUARDED_AVAILABILITY = YES_AGGRESSIVE;
				CLANG_WARN_UNREACHABLE_CODE = YES;
				CLANG_WARN__DUPLICATE_METHOD_MATCH = YES;
				COPY_PHASE_STRIP = NO;
				DEBUG_INFORMATION_FORMAT = "dwarf-with-dsym";
				ENABLE_NS_ASSERTIONS = NO;
				ENABLE_STRICT_OBJC_MSGSEND = YES;
				GCC_C_LANGUAGE_STANDARD = gnu11;
				GCC_NO_COMMON_BLOCKS = YES;
				GCC_WARN_64_TO_32_BIT_CONVERSION = YES;
				GCC_WARN_ABOUT_RETURN_TYPE = YES_ERROR;
				GCC_WARN_UNDECLARED_SELECTOR = YES;
				GCC_WARN_UNINITIALIZED_AUTOS = YES_AGGRESSIVE;
				GCC_WARN_UNUSED_FUNCTION = YES;
				GCC_WARN_UNUSED_VARIABLE = YES;
				IPHONEOS_DEPLOYMENT_TARGET = 16.2;
				MTL_ENABLE_DEBUG_INFO = NO;
				MTL_FAST_MATH = YES;
				SDKROOT = iphoneos;
				SWIFT_COMPILATION_MODE = wholemodule;
				SWIFT_OPTIMIZATION_LEVEL = "-O";
				VALIDATE_PRODUCT = YES;
			};
			name = Release;
		};
		A94DFBE529B4FCB000DAD821 /* Debug */ = {
			isa = XCBuildConfiguration;
			buildSettings = {
				ASSETCATALOG_COMPILER_APPICON_NAME = AppIcon;
				ASSETCATALOG_COMPILER_GLOBAL_ACCENT_COLOR_NAME = AccentColor;
				CODE_SIGN_STYLE = Automatic;
				CURRENT_PROJECT_VERSION = 1;
				DEVELOPMENT_ASSET_PATHS = "\"ScrumDinger2/Preview Content\"";
				ENABLE_PREVIEWS = YES;
				GENERATE_INFOPLIST_FILE = YES;
				INFOPLIST_KEY_UIApplicationSceneManifest_Generation = YES;
				INFOPLIST_KEY_UIApplicationSupportsIndirectInputEvents = YES;
				INFOPLIST_KEY_UILaunchScreen_Generation = YES;
				INFOPLIST_KEY_UISupportedInterfaceOrientations_iPad = "UIInterfaceOrientationPortrait UIInterfaceOrientationPortraitUpsideDown UIInterfaceOrientationLandscapeLeft UIInterfaceOrientationLandscapeRight";
				INFOPLIST_KEY_UISupportedInterfaceOrientations_iPhone = "UIInterfaceOrientationPortrait UIInterfaceOrientationLandscapeLeft UIInterfaceOrientationLandscapeRight";
				LD_RUNPATH_SEARCH_PATHS = (
					"$(inherited)",
					"@executable_path/Frameworks",
				);
				MARKETING_VERSION = 1.0;
				PRODUCT_BUNDLE_IDENTIFIER = Akvile.ScrumDinger2;
				PRODUCT_NAME = "$(TARGET_NAME)";
				SWIFT_EMIT_LOC_STRINGS = YES;
				SWIFT_VERSION = 5.0;
				TARGETED_DEVICE_FAMILY = "1,2";
			};
			name = Debug;
		};
		A94DFBE629B4FCB000DAD821 /* Release */ = {
			isa = XCBuildConfiguration;
			buildSettings = {
				ASSETCATALOG_COMPILER_APPICON_NAME = AppIcon;
				ASSETCATALOG_COMPILER_GLOBAL_ACCENT_COLOR_NAME = AccentColor;
				CODE_SIGN_STYLE = Automatic;
				CURRENT_PROJECT_VERSION = 1;
				DEVELOPMENT_ASSET_PATHS = "\"ScrumDinger2/Preview Content\"";
				ENABLE_PREVIEWS = YES;
				GENERATE_INFOPLIST_FILE = YES;
				INFOPLIST_KEY_UIApplicationSceneManifest_Generation = YES;
				INFOPLIST_KEY_UIApplicationSupportsIndirectInputEvents = YES;
				INFOPLIST_KEY_UILaunchScreen_Generation = YES;
				INFOPLIST_KEY_UISupportedInterfaceOrientations_iPad = "UIInterfaceOrientationPortrait UIInterfaceOrientationPortraitUpsideDown UIInterfaceOrientationLandscapeLeft UIInterfaceOrientationLandscapeRight";
				INFOPLIST_KEY_UISupportedInterfaceOrientations_iPhone = "UIInterfaceOrientationPortrait UIInterfaceOrientationLandscapeLeft UIInterfaceOrientationLandscapeRight";
				LD_RUNPATH_SEARCH_PATHS = (
					"$(inherited)",
					"@executable_path/Frameworks",
				);
				MARKETING_VERSION = 1.0;
				PRODUCT_BUNDLE_IDENTIFIER = Akvile.ScrumDinger2;
				PRODUCT_NAME = "$(TARGET_NAME)";
				SWIFT_EMIT_LOC_STRINGS = YES;
				SWIFT_VERSION = 5.0;
				TARGETED_DEVICE_FAMILY = "1,2";
			};
			name = Release;
		};
/* End XCBuildConfiguration section */

/* Begin XCConfigurationList section */
		A94DFBD129B4FCAF00DAD821 /* Build configuration list for PBXProject "ScrumDinger2" */ = {
			isa = XCConfigurationList;
			buildConfigurations = (
				A94DFBE229B4FCB000DAD821 /* Debug */,
				A94DFBE329B4FCB000DAD821 /* Release */,
			);
			defaultConfigurationIsVisible = 0;
			defaultConfigurationName = Release;
		};
		A94DFBE429B4FCB000DAD821 /* Build configuration list for PBXNativeTarget "ScrumDinger2" */ = {
			isa = XCConfigurationList;
			buildConfigurations = (
				A94DFBE529B4FCB000DAD821 /* Debug */,
				A94DFBE629B4FCB000DAD821 /* Release */,
			);
			defaultConfigurationIsVisible = 0;
			defaultConfigurationName = Release;
		};
/* End XCConfigurationList section */
	};
	rootObject = A94DFBCE29B4FCAF00DAD821 /* Project object */;
}
